
Microsoft Visual Studio Solution File, Format Version 12.00
# Visual Studio 15
VisualStudioVersion = 15.0.28307.779
MinimumVisualStudioVersion = 10.0.40219.1
Project("{9A19103F-16F7-4668-BE54-9A1E7A4F7556}") = "Snake", "Snake\Snake.csproj", "{A2AFBAAD-1BEE-4F12-89DA-3906B0613AEA}"
EndProject
Project("{FAE04EC0-301F-11D3-BF4B-00C04F79EFBC}") = "SnakeTests", "SnakeTests\SnakeTests.csproj", "{202FD8C3-C6FC-4221-A516-B5709AA57DE1}"
EndProject
Global
	GlobalSection(SolutionConfigurationPlatforms) = preSolution
		Debug|Any CPU = Debug|Any CPU
		Release|Any CPU = Release|Any CPU
	EndGlobalSection
	GlobalSection(ProjectConfigurationPlatforms) = postSolution
		{A2AFBAAD-1BEE-4F12-89DA-3906B0613AEA}.Debug|Any CPU.ActiveCfg = Debug|Any CPU
		{A2AFBAAD-1BEE-4F12-89DA-3906B0613AEA}.Debug|Any CPU.Build.0 = Debug|Any CPU
		{A2AFBAAD-1BEE-4F12-89DA-3906B0613AEA}.Release|Any CPU.ActiveCfg = Release|Any CPU
		{A2AFBAAD-1BEE-4F12-89DA-3906B0613AEA}.Release|Any CPU.Build.0 = Release|Any CPU
		{202FD8C3-C6FC-4221-A516-B5709AA57DE1}.Debug|Any CPU.ActiveCfg = Debug|Any CPU
		{202FD8C3-C6FC-4221-A516-B5709AA57DE1}.Debug|Any CPU.Build.0 = Debug|Any CPU
		{202FD8C3-C6FC-4221-A516-B5709AA57DE1}.Release|Any CPU.ActiveCfg = Release|Any CPU
		{202FD8C3-C6FC-4221-A516-B5709AA57DE1}.Release|Any CPU.Build.0 = Release|Any CPU
	EndGlobalSection
	GlobalSection(SolutionProperties) = preSolution
		HideSolutionNode = FALSE
	EndGlobalSection
	GlobalSection(ExtensibilityGlobals) = postSolution
		SolutionGuid = {4475C5E7-39EA-4FF6-80E8-D87B045CF010}
	EndGlobalSection
EndGlobal
